
Microsoft Visual Studio Solution File, Format Version 12.00
# Visual Studio Version 17
VisualStudioVersion = 17.9.34616.47
MinimumVisualStudioVersion = 10.0.40219.1
Project("{9A19103F-16F7-4668-BE54-9A1E7A4F7556}") = "FreelApp.Api", "FreelApp.Api\FreelApp.Api.csproj", "{142AC250-E085-413D-ABD2-6A09514BA2EE}"
EndProject
Project("{9A19103F-16F7-4668-BE54-9A1E7A4F7556}") = "FreelApp.Core", "FreelApp.Core\FreelApp.Core.csproj", "{375CF925-F6ED-4DEE-B365-04A836CE4B0A}"
EndProject
Project("{9A19103F-16F7-4668-BE54-9A1E7A4F7556}") = "FreelApp.Infraestructure", "FreelApp.Infraestructure\FreelApp.Infraestructure.csproj", "{29C190C7-FBC1-4F35-AE1F-3209E6F6A917}"
EndProject
Project("{9A19103F-16F7-4668-BE54-9A1E7A4F7556}") = "FreelApp.Application", "FreelApp.Application\FreelApp.Application.csproj", "{7484E206-420E-4977-9DC1-2F560DC1ADF9}"
EndProject
Global
	GlobalSection(SolutionConfigurationPlatforms) = preSolution
		Debug|Any CPU = Debug|Any CPU
		Release|Any CPU = Release|Any CPU
	EndGlobalSection
	GlobalSection(ProjectConfigurationPlatforms) = postSolution
		{142AC250-E085-413D-ABD2-6A09514BA2EE}.Debug|Any CPU.ActiveCfg = Debug|Any CPU
		{142AC250-E085-413D-ABD2-6A09514BA2EE}.Debug|Any CPU.Build.0 = Debug|Any CPU
		{142AC250-E085-413D-ABD2-6A09514BA2EE}.Release|Any CPU.ActiveCfg = Release|Any CPU
		{142AC250-E085-413D-ABD2-6A09514BA2EE}.Release|Any CPU.Build.0 = Release|Any CPU
		{375CF925-F6ED-4DEE-B365-04A836CE4B0A}.Debug|Any CPU.ActiveCfg = Debug|Any CPU
		{375CF925-F6ED-4DEE-B365-04A836CE4B0A}.Debug|Any CPU.Build.0 = Debug|Any CPU
		{375CF925-F6ED-4DEE-B365-04A836CE4B0A}.Release|Any CPU.ActiveCfg = Release|Any CPU
		{375CF925-F6ED-4DEE-B365-04A836CE4B0A}.Release|Any CPU.Build.0 = Release|Any CPU
		{29C190C7-FBC1-4F35-AE1F-3209E6F6A917}.Debug|Any CPU.ActiveCfg = Debug|Any CPU
		{29C190C7-FBC1-4F35-AE1F-3209E6F6A917}.Debug|Any CPU.Build.0 = Debug|Any CPU
		{29C190C7-FBC1-4F35-AE1F-3209E6F6A917}.Release|Any CPU.ActiveCfg = Release|Any CPU
		{29C190C7-FBC1-4F35-AE1F-3209E6F6A917}.Release|Any CPU.Build.0 = Release|Any CPU
		{7484E206-420E-4977-9DC1-2F560DC1ADF9}.Debug|Any CPU.ActiveCfg = Debug|Any CPU
		{7484E206-420E-4977-9DC1-2F560DC1ADF9}.Debug|Any CPU.Build.0 = Debug|Any CPU
		{7484E206-420E-4977-9DC1-2F560DC1ADF9}.Release|Any CPU.ActiveCfg = Release|Any CPU
		{7484E206-420E-4977-9DC1-2F560DC1ADF9}.Release|Any CPU.Build.0 = Release|Any CPU
	EndGlobalSection
	GlobalSection(SolutionProperties) = preSolution
		HideSolutionNode = FALSE
	EndGlobalSection
	GlobalSection(ExtensibilityGlobals) = postSolution
		SolutionGuid = {F643E065-C3B9-4648-A0F6-7E32B90F474B}
	EndGlobalSection
EndGlobal
